# This file is automatically @generated by Cargo.
# It is not intended for manual editing.
version = 3

[[package]]
name = "reflective-mobile-ai"
version = "0.1.0"
dependencies = [
 "reflective-mobile-core",
]

[[package]]
name = "reflective-mobile-core"
version = "0.1.0"

[[package]]
name = "reflective-mobile-ffi"
version = "0.1.0"
dependencies = [
 "reflective-mobile-ai",
 "reflective-mobile-core",
]
